
Microsoft Visual Studio Solution File, Format Version 12.00
# Visual Studio 2013
VisualStudioVersion = 12.0.31101.0
MinimumVisualStudioVersion = 10.0.40219.1
Project("{FAE04EC0-301F-11D3-BF4B-00C04F79EFBC}") = "OurGames.Club", "OurGames.Club\OurGames.Club.csproj", "{EF1BC143-55FF-495E-87DC-4E2E8E66E647}"
EndProject
Project("{2150E333-8FDC-42A3-9474-1A3956D46DE8}") = "PublishScripts", "PublishScripts", "{FB4E103E-462B-4921-9D4B-7E6962608FCE}"
	ProjectSection(SolutionItems) = preProject
		PublishScripts\AzureWebsitePublishModule.psm1 = PublishScripts\AzureWebsitePublishModule.psm1
		PublishScripts\Publish-WebApplicationWebsite.ps1 = PublishScripts\Publish-WebApplicationWebsite.ps1
	EndProjectSection
EndProject
Project("{2150E333-8FDC-42A3-9474-1A3956D46DE8}") = "Configurations", "Configurations", "{FE5408D4-39A1-4DB5-A93D-959811D4AEDB}"
	ProjectSection(SolutionItems) = preProject
		PublishScripts\Configurations\OurGamesClub-WAWS-dev.json = PublishScripts\Configurations\OurGamesClub-WAWS-dev.json
	EndProjectSection
EndProject
Project("{2150E333-8FDC-42A3-9474-1A3956D46DE8}") = ".nuget", ".nuget", "{B28EF3FB-2E55-4620-BDDD-E8F7B89C55D9}"
	ProjectSection(SolutionItems) = preProject
		.nuget\packages.config = .nuget\packages.config
	EndProjectSection
EndProject
Global
	GlobalSection(SolutionConfigurationPlatforms) = preSolution
		Debug|Any CPU = Debug|Any CPU
		Release|Any CPU = Release|Any CPU
	EndGlobalSection
	GlobalSection(ProjectConfigurationPlatforms) = postSolution
		{EF1BC143-55FF-495E-87DC-4E2E8E66E647}.Debug|Any CPU.ActiveCfg = Debug|Any CPU
		{EF1BC143-55FF-495E-87DC-4E2E8E66E647}.Debug|Any CPU.Build.0 = Debug|Any CPU
		{EF1BC143-55FF-495E-87DC-4E2E8E66E647}.Release|Any CPU.ActiveCfg = Release|Any CPU
		{EF1BC143-55FF-495E-87DC-4E2E8E66E647}.Release|Any CPU.Build.0 = Release|Any CPU
	EndGlobalSection
	GlobalSection(SolutionProperties) = preSolution
		HideSolutionNode = FALSE
	EndGlobalSection
	GlobalSection(NestedProjects) = preSolution
		{FE5408D4-39A1-4DB5-A93D-959811D4AEDB} = {FB4E103E-462B-4921-9D4B-7E6962608FCE}
	EndGlobalSection
EndGlobal
